// !$*UTF8*$!
{
	archiveVersion = 1;
	classes = {
	};
	objectVersion = 46;
	objects = {

/* Begin PBXBuildFile section */
		30790B591F04976300048A76 /* main.m in Sources */ = {isa = PBXBuildFile; fileRef = 30790B581F04976300048A76 /* main.m */; };
		30790B5C1F04976300048A76 /* AppDelegate.m in Sources */ = {isa = PBXBuildFile; fileRef = 30790B5B1F04976300048A76 /* AppDelegate.m */; };
		30790B621F04976300048A76 /* Main.storyboard in Resources */ = {isa = PBXBuildFile; fileRef = 30790B601F04976300048A76 /* Main.storyboard */; };
		30790B641F04976300048A76 /* Assets.xcassets in Resources */ = {isa = PBXBuildFile; fileRef = 30790B631F04976300048A76 /* Assets.xcassets */; };
		30790B671F04976300048A76 /* LaunchScreen.storyboard in Resources */ = {isa = PBXBuildFile; fileRef = 30790B651F04976300048A76 /* LaunchScreen.storyboard */; };
		30790B721F04976400048A76 /* ProjectBaseTests.m in Sources */ = {isa = PBXBuildFile; fileRef = 30790B711F04976400048A76 /* ProjectBaseTests.m */; };
		30790B7D1F04976400048A76 /* ProjectBaseUITests.m in Sources */ = {isa = PBXBuildFile; fileRef = 30790B7C1F04976400048A76 /* ProjectBaseUITests.m */; };
		30790BE11F04A0B100048A76 /* BaseViewController.m in Sources */ = {isa = PBXBuildFile; fileRef = 30790BC01F04A0B100048A76 /* BaseViewController.m */; };
		30790BE21F04A0B100048A76 /* BaseWebViewController.m in Sources */ = {isa = PBXBuildFile; fileRef = 30790BC21F04A0B100048A76 /* BaseWebViewController.m */; };
		30790BE31F04A0B100048A76 /* XBBaseTableViewCell.m in Sources */ = {isa = PBXBuildFile; fileRef = 30790BC41F04A0B100048A76 /* XBBaseTableViewCell.m */; };
		30790BE41F04A0B100048A76 /* XBNavigationController.m in Sources */ = {isa = PBXBuildFile; fileRef = 30790BC61F04A0B100048A76 /* XBNavigationController.m */; };
		30790BE51F04A0B100048A76 /* XBRequestModel.m in Sources */ = {isa = PBXBuildFile; fileRef = 30790BC81F04A0B100048A76 /* XBRequestModel.m */; };
		30790BE61F04A0B100048A76 /* XBRequestNetTool.m in Sources */ = {isa = PBXBuildFile; fileRef = 30790BCA1F04A0B100048A76 /* XBRequestNetTool.m */; };
		30790BE71F04A0B100048A76 /* XBTabBar.m in Sources */ = {isa = PBXBuildFile; fileRef = 30790BCD1F04A0B100048A76 /* XBTabBar.m */; };
		30790BE81F04A0B100048A76 /* XBTabBarButton.m in Sources */ = {isa = PBXBuildFile; fileRef = 30790BCF1F04A0B100048A76 /* XBTabBarButton.m */; };
		30790BE91F04A0B100048A76 /* XBTabBarController.m in Sources */ = {isa = PBXBuildFile; fileRef = 30790BD11F04A0B100048A76 /* XBTabBarController.m */; };
		30790BEA1F04A0B100048A76 /* XBArrowSettingItem.m in Sources */ = {isa = PBXBuildFile; fileRef = 30790BD51F04A0B100048A76 /* XBArrowSettingItem.m */; };
		30790BEB1F04A0B100048A76 /* XBSettingGroup.m in Sources */ = {isa = PBXBuildFile; fileRef = 30790BD71F04A0B100048A76 /* XBSettingGroup.m */; };
		30790BEC1F04A0B100048A76 /* XBSettingItem.m in Sources */ = {isa = PBXBuildFile; fileRef = 30790BD91F04A0B100048A76 /* XBSettingItem.m */; };
		30790BED1F04A0B100048A76 /* XBSwtichSettingItem.m in Sources */ = {isa = PBXBuildFile; fileRef = 30790BDB1F04A0B100048A76 /* XBSwtichSettingItem.m */; };
		30790BEE1F04A0B100048A76 /* XBSettingCell.m in Sources */ = {isa = PBXBuildFile; fileRef = 30790BDE1F04A0B100048A76 /* XBSettingCell.m */; };
		30790BEF1F04A0B100048A76 /* XBBaseTableViewVC.m in Sources */ = {isa = PBXBuildFile; fileRef = 30790BE01F04A0B100048A76 /* XBBaseTableViewVC.m */; };
		30790BF91F04A2FE00048A76 /* UIButton+XBAlignment.m in Sources */ = {isa = PBXBuildFile; fileRef = 30790BF41F04A2FE00048A76 /* UIButton+XBAlignment.m */; };
		30790BFA1F04A2FE00048A76 /* UIColor+Color.m in Sources */ = {isa = PBXBuildFile; fileRef = 30790BF61F04A2FE00048A76 /* UIColor+Color.m */; };
		30790BFB1F04A2FE00048A76 /* UIView+Render.m in Sources */ = {isa = PBXBuildFile; fileRef = 30790BF81F04A2FE00048A76 /* UIView+Render.m */; };
		30790C011F04DE8000048A76 /* HomeViewController.m in Sources */ = {isa = PBXBuildFile; fileRef = 30790C001F04DE8000048A76 /* HomeViewController.m */; };
		30790C071F04E22E00048A76 /* TSShareHelper.m in Sources */ = {isa = PBXBuildFile; fileRef = 30790C061F04E22E00048A76 /* TSShareHelper.m */; };
		30790C0A1F04E6BC00048A76 /* UIImage+UIImageEx.m in Sources */ = {isa = PBXBuildFile; fileRef = 30790C091F04E6BC00048A76 /* UIImage+UIImageEx.m */; };
		30A95AF11F2F26F900DD9F4D /* UIControl+Click.m in Sources */ = {isa = PBXBuildFile; fileRef = 30A95AF01F2F26F900DD9F4D /* UIControl+Click.m */; };
		DDB1BFBE700A38A75F9FA677 /* Pods_ProjectBase.framework in Frameworks */ = {isa = PBXBuildFile; fileRef = B09B7B5B65681DDBE5373636 /* Pods_ProjectBase.framework */; };
/* End PBXBuildFile section */

/* Begin PBXContainerItemProxy section */
		30790B6E1F04976400048A76 /* PBXContainerItemProxy */ = {
			isa = PBXContainerItemProxy;
			containerPortal = 30790B4C1F04976300048A76 /* Project object */;
			proxyType = 1;
			remoteGlobalIDString = 30790B531F04976300048A76;
			remoteInfo = ProjectBase;
		};
		30790B791F04976400048A76 /* PBXContainerItemProxy */ = {
			isa = PBXContainerItemProxy;
			containerPortal = 30790B4C1F04976300048A76 /* Project object */;
			proxyType = 1;
			remoteGlobalIDString = 30790B531F04976300048A76;
			remoteInfo = ProjectBase;
		};
/* End PBXContainerItemProxy section */

/* Begin PBXFileReference section */
		30790B541F04976300048A76 /* ProjectBase.app */ = {isa = PBXFileReference; explicitFileType = wrapper.application; includeInIndex = 0; path = ProjectBase.app; sourceTree = BUILT_PRODUCTS_DIR; };
		30790B581F04976300048A76 /* main.m */ = {isa = PBXFileReference; lastKnownFileType = sourcecode.c.objc; path = main.m; sourceTree = "<group>"; };
		30790B5A1F04976300048A76 /* AppDelegate.h */ = {isa = PBXFileReference; lastKnownFileType = sourcecode.c.h; path = AppDelegate.h; sourceTree = "<group>"; };
		30790B5B1F04976300048A76 /* AppDelegate.m */ = {isa = PBXFileReference; lastKnownFileType = sourcecode.c.objc; path = AppDelegate.m; sourceTree = "<group>"; };
		30790B611F04976300048A76 /* Base */ = {isa = PBXFileReference; lastKnownFileType = file.storyboard; name = Base; path = Base.lproj/Main.storyboard; sourceTree = "<group>"; };
		30790B631F04976300048A76 /* Assets.xcassets */ = {isa = PBXFileReference; lastKnownFileType = folder.assetcatalog; path = Assets.xcassets; sourceTree = "<group>"; };
		30790B661F04976300048A76 /* Base */ = {isa = PBXFileReference; lastKnownFileType = file.storyboard; name = Base; path = Base.lproj/LaunchScreen.storyboard; sourceTree = "<group>"; };
		30790B681F04976300048A76 /* Info.plist */ = {isa = PBXFileReference; lastKnownFileType = text.plist.xml; path = Info.plist; sourceTree = "<group>"; };
		30790B6D1F04976400048A76 /* ProjectBaseTests.xctest */ = {isa = PBXFileReference; explicitFileType = wrapper.cfbundle; includeInIndex = 0; path = ProjectBaseTests.xctest; sourceTree = BUILT_PRODUCTS_DIR; };
		30790B711F04976400048A76 /* ProjectBaseTests.m */ = {isa = PBXFileReference; lastKnownFileType = sourcecode.c.objc; path = ProjectBaseTests.m; sourceTree = "<group>"; };
		30790B731F04976400048A76 /* Info.plist */ = {isa = PBXFileReference; lastKnownFileType = text.plist.xml; path = Info.plist; sourceTree = "<group>"; };
		30790B781F04976400048A76 /* ProjectBaseUITests.xctest */ = {isa = PBXFileReference; explicitFileType = wrapper.cfbundle; includeInIndex = 0; path = ProjectBaseUITests.xctest; sourceTree = BUILT_PRODUCTS_DIR; };
		30790B7C1F04976400048A76 /* ProjectBaseUITests.m */ = {isa = PBXFileReference; lastKnownFileType = sourcecode.c.objc; path = ProjectBaseUITests.m; sourceTree = "<group>"; };
		30790B7E1F04976400048A76 /* Info.plist */ = {isa = PBXFileReference; lastKnownFileType = text.plist.xml; path = Info.plist; sourceTree = "<group>"; };
		30790B8A1F04A05F00048A76 /* PrefixHeader.pch */ = {isa = PBXFileReference; lastKnownFileType = sourcecode.c.h; path = PrefixHeader.pch; sourceTree = "<group>"; };
		30790BBF1F04A0B100048A76 /* BaseViewController.h */ = {isa = PBXFileReference; fileEncoding = 4; lastKnownFileType = sourcecode.c.h; path = BaseViewController.h; sourceTree = "<group>"; };
		30790BC01F04A0B100048A76 /* BaseViewController.m */ = {isa = PBXFileReference; fileEncoding = 4; lastKnownFileType = sourcecode.c.objc; path = BaseViewController.m; sourceTree = "<group>"; };
		30790BC11F04A0B100048A76 /* BaseWebViewController.h */ = {isa = PBXFileReference; fileEncoding = 4; lastKnownFileType = sourcecode.c.h; path = BaseWebViewController.h; sourceTree = "<group>"; };
		30790BC21F04A0B100048A76 /* BaseWebViewController.m */ = {isa = PBXFileReference; fileEncoding = 4; lastKnownFileType = sourcecode.c.objc; path = BaseWebViewController.m; sourceTree = "<group>"; };
		30790BC31F04A0B100048A76 /* XBBaseTableViewCell.h */ = {isa = PBXFileReference; fileEncoding = 4; lastKnownFileType = sourcecode.c.h; path = XBBaseTableViewCell.h; sourceTree = "<group>"; };
		30790BC41F04A0B100048A76 /* XBBaseTableViewCell.m */ = {isa = PBXFileReference; fileEncoding = 4; lastKnownFileType = sourcecode.c.objc; path = XBBaseTableViewCell.m; sourceTree = "<group>"; };
		30790BC51F04A0B100048A76 /* XBNavigationController.h */ = {isa = PBXFileReference; fileEncoding = 4; lastKnownFileType = sourcecode.c.h; path = XBNavigationController.h; sourceTree = "<group>"; };
		30790BC61F04A0B100048A76 /* XBNavigationController.m */ = {isa = PBXFileReference; fileEncoding = 4; lastKnownFileType = sourcecode.c.objc; path = XBNavigationController.m; sourceTree = "<group>"; };
		30790BC71F04A0B100048A76 /* XBRequestModel.h */ = {isa = PBXFileReference; fileEncoding = 4; lastKnownFileType = sourcecode.c.h; path = XBRequestModel.h; sourceTree = "<group>"; };
		30790BC81F04A0B100048A76 /* XBRequestModel.m */ = {isa = PBXFileReference; fileEncoding = 4; lastKnownFileType = sourcecode.c.objc; path = XBRequestModel.m; sourceTree = "<group>"; };
		30790BC91F04A0B100048A76 /* XBRequestNetTool.h */ = {isa = PBXFileReference; fileEncoding = 4; lastKnownFileType = sourcecode.c.h; path = XBRequestNetTool.h; sourceTree = "<group>"; };
		30790BCA1F04A0B100048A76 /* XBRequestNetTool.m */ = {isa = PBXFileReference; fileEncoding = 4; lastKnownFileType = sourcecode.c.objc; path = XBRequestNetTool.m; sourceTree = "<group>"; };
		30790BCC1F04A0B100048A76 /* XBTabBar.h */ = {isa = PBXFileReference; fileEncoding = 4; lastKnownFileType = sourcecode.c.h; path = XBTabBar.h; sourceTree = "<group>"; };
		30790BCD1F04A0B100048A76 /* XBTabBar.m */ = {isa = PBXFileReference; fileEncoding = 4; lastKnownFileType = sourcecode.c.objc; path = XBTabBar.m; sourceTree = "<group>"; };
		30790BCE1F04A0B100048A76 /* XBTabBarButton.h */ = {isa = PBXFileReference; fileEncoding = 4; lastKnownFileType = sourcecode.c.h; path = XBTabBarButton.h; sourceTree = "<group>"; };
		30790BCF1F04A0B100048A76 /* XBTabBarButton.m */ = {isa = PBXFileReference; fileEncoding = 4; lastKnownFileType = sourcecode.c.objc; path = XBTabBarButton.m; sourceTree = "<group>"; };
		30790BD01F04A0B100048A76 /* XBTabBarController.h */ = {isa = PBXFileReference; fileEncoding = 4; lastKnownFileType = sourcecode.c.h; path = XBTabBarController.h; sourceTree = "<group>"; };
		30790BD11F04A0B100048A76 /* XBTabBarController.m */ = {isa = PBXFileReference; fileEncoding = 4; lastKnownFileType = sourcecode.c.objc; path = XBTabBarController.m; sourceTree = "<group>"; };
		30790BD41F04A0B100048A76 /* XBArrowSettingItem.h */ = {isa = PBXFileReference; fileEncoding = 4; lastKnownFileType = sourcecode.c.h; path = XBArrowSettingItem.h; sourceTree = "<group>"; };
		30790BD51F04A0B100048A76 /* XBArrowSettingItem.m */ = {isa = PBXFileReference; fileEncoding = 4; lastKnownFileType = sourcecode.c.objc; path = XBArrowSettingItem.m; sourceTree = "<group>"; };
		30790BD61F04A0B100048A76 /* XBSettingGroup.h */ = {isa = PBXFileReference; fileEncoding = 4; lastKnownFileType = sourcecode.c.h; path = XBSettingGroup.h; sourceTree = "<group>"; };
		30790BD71F04A0B100048A76 /* XBSettingGroup.m */ = {isa = PBXFileReference; fileEncoding = 4; lastKnownFileType = sourcecode.c.objc; path = XBSettingGroup.m; sourceTree = "<group>"; };
		30790BD81F04A0B100048A76 /* XBSettingItem.h */ = {isa = PBXFileReference; fileEncoding = 4; lastKnownFileType = sourcecode.c.h; path = XBSettingItem.h; sourceTree = "<group>"; };
		30790BD91F04A0B100048A76 /* XBSettingItem.m */ = {isa = PBXFileReference; fileEncoding = 4; lastKnownFileType = sourcecode.c.objc; path = XBSettingItem.m; sourceTree = "<group>"; };
		30790BDA1F04A0B100048A76 /* XBSwtichSettingItem.h */ = {isa = PBXFileReference; fileEncoding = 4; lastKnownFileType = sourcecode.c.h; path = XBSwtichSettingItem.h; sourceTree = "<group>"; };
		30790BDB1F04A0B100048A76 /* XBSwtichSettingItem.m */ = {isa = PBXFileReference; fileEncoding = 4; lastKnownFileType = sourcecode.c.objc; path = XBSwtichSettingItem.m; sourceTree = "<group>"; };
		30790BDD1F04A0B100048A76 /* XBSettingCell.h */ = {isa = PBXFileReference; fileEncoding = 4; lastKnownFileType = sourcecode.c.h; path = XBSettingCell.h; sourceTree = "<group>"; };
		30790BDE1F04A0B100048A76 /* XBSettingCell.m */ = {isa = PBXFileReference; fileEncoding = 4; lastKnownFileType = sourcecode.c.objc; path = XBSettingCell.m; sourceTree = "<group>"; };
		30790BDF1F04A0B100048A76 /* XBBaseTableViewVC.h */ = {isa = PBXFileReference; fileEncoding = 4; lastKnownFileType = sourcecode.c.h; path = XBBaseTableViewVC.h; sourceTree = "<group>"; };
		30790BE01F04A0B100048A76 /* XBBaseTableViewVC.m */ = {isa = PBXFileReference; fileEncoding = 4; lastKnownFileType = sourcecode.c.objc; path = XBBaseTableViewVC.m; sourceTree = "<group>"; };
		30790BF31F04A2FE00048A76 /* UIButton+XBAlignment.h */ = {isa = PBXFileReference; fileEncoding = 4; lastKnownFileType = sourcecode.c.h; path = "UIButton+XBAlignment.h"; sourceTree = "<group>"; };
		30790BF41F04A2FE00048A76 /* UIButton+XBAlignment.m */ = {isa = PBXFileReference; fileEncoding = 4; lastKnownFileType = sourcecode.c.objc; path = "UIButton+XBAlignment.m"; sourceTree = "<group>"; };
		30790BF51F04A2FE00048A76 /* UIColor+Color.h */ = {isa = PBXFileReference; fileEncoding = 4; lastKnownFileType = sourcecode.c.h; path = "UIColor+Color.h"; sourceTree = "<group>"; };
		30790BF61F04A2FE00048A76 /* UIColor+Color.m */ = {isa = PBXFileReference; fileEncoding = 4; lastKnownFileType = sourcecode.c.objc; path = "UIColor+Color.m"; sourceTree = "<group>"; };
		30790BF71F04A2FE00048A76 /* UIView+Render.h */ = {isa = PBXFileReference; fileEncoding = 4; lastKnownFileType = sourcecode.c.h; path = "UIView+Render.h"; sourceTree = "<group>"; };
		30790BF81F04A2FE00048A76 /* UIView+Render.m */ = {isa = PBXFileReference; fileEncoding = 4; lastKnownFileType = sourcecode.c.objc; path = "UIView+Render.m"; sourceTree = "<group>"; };
		30790BFF1F04DE8000048A76 /* HomeViewController.h */ = {isa = PBXFileReference; fileEncoding = 4; lastKnownFileType = sourcecode.c.h; path = HomeViewController.h; sourceTree = "<group>"; };
		30790C001F04DE8000048A76 /* HomeViewController.m */ = {isa = PBXFileReference; fileEncoding = 4; lastKnownFileType = sourcecode.c.objc; path = HomeViewController.m; sourceTree = "<group>"; };
		30790C051F04E22E00048A76 /* TSShareHelper.h */ = {isa = PBXFileReference; fileEncoding = 4; lastKnownFileType = sourcecode.c.h; path = TSShareHelper.h; sourceTree = "<group>"; };
		30790C061F04E22E00048A76 /* TSShareHelper.m */ = {isa = PBXFileReference; fileEncoding = 4; lastKnownFileType = sourcecode.c.objc; path = TSShareHelper.m; sourceTree = "<group>"; };
		30790C081F04E6BC00048A76 /* UIImage+UIImageEx.h */ = {isa = PBXFileReference; fileEncoding = 4; lastKnownFileType = sourcecode.c.h; path = "UIImage+UIImageEx.h"; sourceTree = "<group>"; };
		30790C091F04E6BC00048A76 /* UIImage+UIImageEx.m */ = {isa = PBXFileReference; fileEncoding = 4; lastKnownFileType = sourcecode.c.objc; path = "UIImage+UIImageEx.m"; sourceTree = "<group>"; };
		30A95AEF1F2F26F900DD9F4D /* UIControl+Click.h */ = {isa = PBXFileReference; fileEncoding = 4; lastKnownFileType = sourcecode.c.h; path = "UIControl+Click.h"; sourceTree = "<group>"; };
		30A95AF01F2F26F900DD9F4D /* UIControl+Click.m */ = {isa = PBXFileReference; fileEncoding = 4; lastKnownFileType = sourcecode.c.objc; path = "UIControl+Click.m"; sourceTree = "<group>"; };
		B00CE8A4269A9F2466651067 /* Pods-ProjectBase.release.xcconfig */ = {isa = PBXFileReference; includeInIndex = 1; lastKnownFileType = text.xcconfig; name = "Pods-ProjectBase.release.xcconfig"; path = "Pods/Target Support Files/Pods-ProjectBase/Pods-ProjectBase.release.xcconfig"; sourceTree = "<group>"; };
		B09B7B5B65681DDBE5373636 /* Pods_ProjectBase.framework */ = {isa = PBXFileReference; explicitFileType = wrapper.framework; includeInIndex = 0; path = Pods_ProjectBase.framework; sourceTree = BUILT_PRODUCTS_DIR; };
		D454BF577189D5B7C8A2A201 /* Pods-ProjectBase.debug.xcconfig */ = {isa = PBXFileReference; includeInIndex = 1; lastKnownFileType = text.xcconfig; name = "Pods-ProjectBase.debug.xcconfig"; path = "Pods/Target Support Files/Pods-ProjectBase/Pods-ProjectBase.debug.xcconfig"; sourceTree = "<group>"; };
/* End PBXFileReference section */

/* Begin PBXFrameworksBuildPhase section */
		30790B511F04976300048A76 /* Frameworks */ = {
			isa = PBXFrameworksBuildPhase;
			buildActionMask = 2147483647;
			files = (
				DDB1BFBE700A38A75F9FA677 /* Pods_ProjectBase.framework in Frameworks */,
			);
			runOnlyForDeploymentPostprocessing = 0;
		};
		30790B6A1F04976400048A76 /* Frameworks */ = {
			isa = PBXFrameworksBuildPhase;
			buildActionMask = 2147483647;
			files = (
			);
			runOnlyForDeploymentPostprocessing = 0;
		};
		30790B751F04976400048A76 /* Frameworks */ = {
			isa = PBXFrameworksBuildPhase;
			buildActionMask = 2147483647;
			files = (
			);
			runOnlyForDeploymentPostprocessing = 0;
		};
/* End PBXFrameworksBuildPhase section */

/* Begin PBXGroup section */
		30790B4B1F04976300048A76 = {
			isa = PBXGroup;
			children = (
				30790B561F04976300048A76 /* ProjectBase */,
				30790B701F04976400048A76 /* ProjectBaseTests */,
				30790B7B1F04976400048A76 /* ProjectBaseUITests */,
				30790B551F04976300048A76 /* Products */,
				E6E2E9C267649D4F97746B9F /* Pods */,
				E25DE8417DC81AC9B4CB7701 /* Frameworks */,
			);
			sourceTree = "<group>";
		};
		30790B551F04976300048A76 /* Products */ = {
			isa = PBXGroup;
			children = (
				30790B541F04976300048A76 /* ProjectBase.app */,
				30790B6D1F04976400048A76 /* ProjectBaseTests.xctest */,
				30790B781F04976400048A76 /* ProjectBaseUITests.xctest */,
			);
			name = Products;
			sourceTree = "<group>";
		};
		30790B561F04976300048A76 /* ProjectBase */ = {
			isa = PBXGroup;
			children = (
				30790B5A1F04976300048A76 /* AppDelegate.h */,
				30790B5B1F04976300048A76 /* AppDelegate.m */,
				30790BBD1F04A0A200048A76 /* Class */,
				30790B8A1F04A05F00048A76 /* PrefixHeader.pch */,
				30790B601F04976300048A76 /* Main.storyboard */,
				30790B631F04976300048A76 /* Assets.xcassets */,
				30790B651F04976300048A76 /* LaunchScreen.storyboard */,
				30790B681F04976300048A76 /* Info.plist */,
				30790B571F04976300048A76 /* Supporting Files */,
			);
			path = ProjectBase;
			sourceTree = "<group>";
		};
		30790B571F04976300048A76 /* Supporting Files */ = {
			isa = PBXGroup;
			children = (
				30790B581F04976300048A76 /* main.m */,
			);
			name = "Supporting Files";
			sourceTree = "<group>";
		};
		30790B701F04976400048A76 /* ProjectBaseTests */ = {
			isa = PBXGroup;
			children = (
				30790B711F04976400048A76 /* ProjectBaseTests.m */,
				30790B731F04976400048A76 /* Info.plist */,
			);
			path = ProjectBaseTests;
			sourceTree = "<group>";
		};
		30790B7B1F04976400048A76 /* ProjectBaseUITests */ = {
			isa = PBXGroup;
			children = (
				30790B7C1F04976400048A76 /* ProjectBaseUITests.m */,
				30790B7E1F04976400048A76 /* Info.plist */,
			);
			path = ProjectBaseUITests;
			sourceTree = "<group>";
		};
		30790BBD1F04A0A200048A76 /* Class */ = {
			isa = PBXGroup;
			children = (
				30790BFE1F04DE5A00048A76 /* Home */,
				30790BBE1F04A0B100048A76 /* ProjectBase */,
				30790BF11F04A28700048A76 /* Other */,
			);
			path = Class;
			sourceTree = "<group>";
		};
		30790BBE1F04A0B100048A76 /* ProjectBase */ = {
			isa = PBXGroup;
			children = (
				30790BBF1F04A0B100048A76 /* BaseViewController.h */,
				30790BC01F04A0B100048A76 /* BaseViewController.m */,
				30790BC11F04A0B100048A76 /* BaseWebViewController.h */,
				30790BC21F04A0B100048A76 /* BaseWebViewController.m */,
				30790BC31F04A0B100048A76 /* XBBaseTableViewCell.h */,
				30790BC41F04A0B100048A76 /* XBBaseTableViewCell.m */,
				30790BC51F04A0B100048A76 /* XBNavigationController.h */,
				30790BC61F04A0B100048A76 /* XBNavigationController.m */,
				30790BC71F04A0B100048A76 /* XBRequestModel.h */,
				30790BC81F04A0B100048A76 /* XBRequestModel.m */,
				30790BC91F04A0B100048A76 /* XBRequestNetTool.h */,
				30790BCA1F04A0B100048A76 /* XBRequestNetTool.m */,
				30790BCB1F04A0B100048A76 /* XBTabBar */,
				30790BD01F04A0B100048A76 /* XBTabBarController.h */,
				30790BD11F04A0B100048A76 /* XBTabBarController.m */,
				30790BD21F04A0B100048A76 /* XBTableView */,
			);
			path = ProjectBase;
			sourceTree = "<group>";
		};
		30790BCB1F04A0B100048A76 /* XBTabBar */ = {
			isa = PBXGroup;
			children = (
				30790BCC1F04A0B100048A76 /* XBTabBar.h */,
				30790BCD1F04A0B100048A76 /* XBTabBar.m */,
				30790BCE1F04A0B100048A76 /* XBTabBarButton.h */,
				30790BCF1F04A0B100048A76 /* XBTabBarButton.m */,
			);
			path = XBTabBar;
			sourceTree = "<group>";
		};
		30790BD21F04A0B100048A76 /* XBTableView */ = {
			isa = PBXGroup;
			children = (
				30790BD31F04A0B100048A76 /* Model */,
				30790BDC1F04A0B100048A76 /* View */,
				30790BDF1F04A0B100048A76 /* XBBaseTableViewVC.h */,
				30790BE01F04A0B100048A76 /* XBBaseTableViewVC.m */,
			);
			path = XBTableView;
			sourceTree = "<group>";
		};
		30790BD31F04A0B100048A76 /* Model */ = {
			isa = PBXGroup;
			children = (
				30790BD41F04A0B100048A76 /* XBArrowSettingItem.h */,
				30790BD51F04A0B100048A76 /* XBArrowSettingItem.m */,
				30790BD61F04A0B100048A76 /* XBSettingGroup.h */,
				30790BD71F04A0B100048A76 /* XBSettingGroup.m */,
				30790BD81F04A0B100048A76 /* XBSettingItem.h */,
				30790BD91F04A0B100048A76 /* XBSettingItem.m */,
				30790BDA1F04A0B100048A76 /* XBSwtichSettingItem.h */,
				30790BDB1F04A0B100048A76 /* XBSwtichSettingItem.m */,
			);
			path = Model;
			sourceTree = "<group>";
		};
		30790BDC1F04A0B100048A76 /* View */ = {
			isa = PBXGroup;
			children = (
				30790BDD1F04A0B100048A76 /* XBSettingCell.h */,
				30790BDE1F04A0B100048A76 /* XBSettingCell.m */,
			);
			path = View;
			sourceTree = "<group>";
		};
		30790BF11F04A28700048A76 /* Other */ = {
			isa = PBXGroup;
			children = (
				30790C041F04E22600048A76 /* FunctionTool */,
				30790BF21F04A2E700048A76 /* Category */,
			);
			path = Other;
			sourceTree = "<group>";
		};
		30790BF21F04A2E700048A76 /* Category */ = {
			isa = PBXGroup;
			children = (
				30A95AEF1F2F26F900DD9F4D /* UIControl+Click.h */,
				30A95AF01F2F26F900DD9F4D /* UIControl+Click.m */,
				30790BF31F04A2FE00048A76 /* UIButton+XBAlignment.h */,
				30790BF41F04A2FE00048A76 /* UIButton+XBAlignment.m */,
				30790BF51F04A2FE00048A76 /* UIColor+Color.h */,
				30790BF61F04A2FE00048A76 /* UIColor+Color.m */,
				30790BF71F04A2FE00048A76 /* UIView+Render.h */,
				30790BF81F04A2FE00048A76 /* UIView+Render.m */,
				30790C081F04E6BC00048A76 /* UIImage+UIImageEx.h */,
				30790C091F04E6BC00048A76 /* UIImage+UIImageEx.m */,
			);
			path = Category;
			sourceTree = "<group>";
		};
		30790BFE1F04DE5A00048A76 /* Home */ = {
			isa = PBXGroup;
			children = (
				30790BFF1F04DE8000048A76 /* HomeViewController.h */,
				30790C001F04DE8000048A76 /* HomeViewController.m */,
			);
			path = Home;
			sourceTree = "<group>";
		};
		30790C041F04E22600048A76 /* FunctionTool */ = {
			isa = PBXGroup;
			children = (
				30790C051F04E22E00048A76 /* TSShareHelper.h */,
				30790C061F04E22E00048A76 /* TSShareHelper.m */,
			);
			path = FunctionTool;
			sourceTree = "<group>";
		};
		E25DE8417DC81AC9B4CB7701 /* Frameworks */ = {
			isa = PBXGroup;
			children = (
				B09B7B5B65681DDBE5373636 /* Pods_ProjectBase.framework */,
			);
			name = Frameworks;
			sourceTree = "<group>";
		};
		E6E2E9C267649D4F97746B9F /* Pods */ = {
			isa = PBXGroup;
			children = (
				D454BF577189D5B7C8A2A201 /* Pods-ProjectBase.debug.xcconfig */,
				B00CE8A4269A9F2466651067 /* Pods-ProjectBase.release.xcconfig */,
			);
			name = Pods;
			sourceTree = "<group>";
		};
/* End PBXGroup section */

/* Begin PBXNativeTarget section */
		30790B531F04976300048A76 /* ProjectBase */ = {
			isa = PBXNativeTarget;
			buildConfigurationList = 30790B811F04976400048A76 /* Build configuration list for PBXNativeTarget "ProjectBase" */;
			buildPhases = (
				29A097CB6058CEA59D8ED25E /* [CP] Check Pods Manifest.lock */,
				30790B501F04976300048A76 /* Sources */,
				30790B511F04976300048A76 /* Frameworks */,
				30790B521F04976300048A76 /* Resources */,
				FAAD60D69B03C1082246705A /* [CP] Embed Pods Frameworks */,
				91EC6BD3886A8B2C00C0E99A /* [CP] Copy Pods Resources */,
			);
			buildRules = (
			);
			dependencies = (
			);
			name = ProjectBase;
			productName = ProjectBase;
			productReference = 30790B541F04976300048A76 /* ProjectBase.app */;
			productType = "com.apple.product-type.application";
		};
		30790B6C1F04976400048A76 /* ProjectBaseTests */ = {
			isa = PBXNativeTarget;
			buildConfigurationList = 30790B841F04976400048A76 /* Build configuration list for PBXNativeTarget "ProjectBaseTests" */;
			buildPhases = (
				30790B691F04976400048A76 /* Sources */,
				30790B6A1F04976400048A76 /* Frameworks */,
				30790B6B1F04976400048A76 /* Resources */,
			);
			buildRules = (
			);
			dependencies = (
				30790B6F1F04976400048A76 /* PBXTargetDependency */,
			);
			name = ProjectBaseTests;
			productName = ProjectBaseTests;
			productReference = 30790B6D1F04976400048A76 /* ProjectBaseTests.xctest */;
			productType = "com.apple.product-type.bundle.unit-test";
		};
		30790B771F04976400048A76 /* ProjectBaseUITests */ = {
			isa = PBXNativeTarget;
			buildConfigurationList = 30790B871F04976400048A76 /* Build configuration list for PBXNativeTarget "ProjectBaseUITests" */;
			buildPhases = (
				30790B741F04976400048A76 /* Sources */,
				30790B751F04976400048A76 /* Frameworks */,
				30790B761F04976400048A76 /* Resources */,
			);
			buildRules = (
			);
			dependencies = (
				30790B7A1F04976400048A76 /* PBXTargetDependency */,
			);
			name = ProjectBaseUITests;
			productName = ProjectBaseUITests;
			productReference = 30790B781F04976400048A76 /* ProjectBaseUITests.xctest */;
			productType = "com.apple.product-type.bundle.ui-testing";
		};
/* End PBXNativeTarget section */

/* Begin PBXProject section */
		30790B4C1F04976300048A76 /* Project object */ = {
			isa = PBXProject;
			attributes = {
				LastUpgradeCheck = 0830;
				ORGANIZATIONNAME = dym;
				TargetAttributes = {
					30790B531F04976300048A76 = {
						CreatedOnToolsVersion = 8.3.3;
						DevelopmentTeam = G7BTP3V7YL;
						ProvisioningStyle = Automatic;
					};
					30790B6C1F04976400048A76 = {
						CreatedOnToolsVersion = 8.3.3;
						ProvisioningStyle = Automatic;
						TestTargetID = 30790B531F04976300048A76;
					};
					30790B771F04976400048A76 = {
						CreatedOnToolsVersion = 8.3.3;
						ProvisioningStyle = Automatic;
						TestTargetID = 30790B531F04976300048A76;
					};
				};
			};
			buildConfigurationList = 30790B4F1F04976300048A76 /* Build configuration list for PBXProject "ProjectBase" */;
			compatibilityVersion = "Xcode 3.2";
			developmentRegion = English;
			hasScannedForEncodings = 0;
			knownRegions = (
				en,
				Base,
			);
			mainGroup = 30790B4B1F04976300048A76;
			productRefGroup = 30790B551F04976300048A76 /* Products */;
			projectDirPath = "";
			projectRoot = "";
			targets = (
				30790B531F04976300048A76 /* ProjectBase */,
				30790B6C1F04976400048A76 /* ProjectBaseTests */,
				30790B771F04976400048A76 /* ProjectBaseUITests */,
			);
		};
/* End PBXProject section */

/* Begin PBXResourcesBuildPhase section */
		30790B521F04976300048A76 /* Resources */ = {
			isa = PBXResourcesBuildPhase;
			buildActionMask = 2147483647;
			files = (
				30790B671F04976300048A76 /* LaunchScreen.storyboard in Resources */,
				30790B641F04976300048A76 /* Assets.xcassets in Resources */,
				30790B621F04976300048A76 /* Main.storyboard in Resources */,
			);
			runOnlyForDeploymentPostprocessing = 0;
		};
		30790B6B1F04976400048A76 /* Resources */ = {
			isa = PBXResourcesBuildPhase;
			buildActionMask = 2147483647;
			files = (
			);
			runOnlyForDeploymentPostprocessing = 0;
		};
		30790B761F04976400048A76 /* Resources */ = {
			isa = PBXResourcesBuildPhase;
			buildActionMask = 2147483647;
			files = (
			);
			runOnlyForDeploymentPostprocessing = 0;
		};
/* End PBXResourcesBuildPhase section */

/* Begin PBXShellScriptBuildPhase section */
		29A097CB6058CEA59D8ED25E /* [CP] Check Pods Manifest.lock */ = {
			isa = PBXShellScriptBuildPhase;
			buildActionMask = 2147483647;
			files = (
			);
			inputPaths = (
			);
			name = "[CP] Check Pods Manifest.lock";
			outputPaths = (
			);
			runOnlyForDeploymentPostprocessing = 0;
			shellPath = /bin/sh;
			shellScript = "diff \"${PODS_PODFILE_DIR_PATH}/Podfile.lock\" \"${PODS_ROOT}/Manifest.lock\" > /dev/null\nif [ $? != 0 ] ; then\n    # print error to STDERR\n    echo \"error: The sandbox is not in sync with the Podfile.lock. Run 'pod install' or update your CocoaPods installation.\" >&2\n    exit 1\nfi\n";
			showEnvVarsInLog = 0;
		};
		91EC6BD3886A8B2C00C0E99A /* [CP] Copy Pods Resources */ = {
			isa = PBXShellScriptBuildPhase;
			buildActionMask = 2147483647;
			files = (
			);
			inputPaths = (
			);
			name = "[CP] Copy Pods Resources";
			outputPaths = (
			);
			runOnlyForDeploymentPostprocessing = 0;
			shellPath = /bin/sh;
			shellScript = "\"${SRCROOT}/Pods/Target Support Files/Pods-ProjectBase/Pods-ProjectBase-resources.sh\"\n";
			showEnvVarsInLog = 0;
		};
		FAAD60D69B03C1082246705A /* [CP] Embed Pods Frameworks */ = {
			isa = PBXShellScriptBuildPhase;
			buildActionMask = 2147483647;
			files = (
			);
			inputPaths = (
			);
			name = "[CP] Embed Pods Frameworks";
			outputPaths = (
			);
			runOnlyForDeploymentPostprocessing = 0;
			shellPath = /bin/sh;
			shellScript = "\"${SRCROOT}/Pods/Target Support Files/Pods-ProjectBase/Pods-ProjectBase-frameworks.sh\"\n";
			showEnvVarsInLog = 0;
		};
/* End PBXShellScriptBuildPhase section */

/* Begin PBXSourcesBuildPhase section */
		30790B501F04976300048A76 /* Sources */ = {
			isa = PBXSourcesBuildPhase;
			buildActionMask = 2147483647;
			files = (
				30790BFA1F04A2FE00048A76 /* UIColor+Color.m in Sources */,
				30790B5C1F04976300048A76 /* AppDelegate.m in Sources */,
				30790BFB1F04A2FE00048A76 /* UIView+Render.m in Sources */,
				30790BE11F04A0B100048A76 /* BaseViewController.m in Sources */,
				30790BEF1F04A0B100048A76 /* XBBaseTableViewVC.m in Sources */,
				30790C011F04DE8000048A76 /* HomeViewController.m in Sources */,
				30790BEE1F04A0B100048A76 /* XBSettingCell.m in Sources */,
				30790BE21F04A0B100048A76 /* BaseWebViewController.m in Sources */,
				30790BE71F04A0B100048A76 /* XBTabBar.m in Sources */,
				30790BE41F04A0B100048A76 /* XBNavigationController.m in Sources */,
				30790BEA1F04A0B100048A76 /* XBArrowSettingItem.m in Sources */,
				30790BE31F04A0B100048A76 /* XBBaseTableViewCell.m in Sources */,
				30A95AF11F2F26F900DD9F4D /* UIControl+Click.m in Sources */,
				30790BE61F04A0B100048A76 /* XBRequestNetTool.m in Sources */,
				30790B591F04976300048A76 /* main.m in Sources */,
				30790C0A1F04E6BC00048A76 /* UIImage+UIImageEx.m in Sources */,
				30790C071F04E22E00048A76 /* TSShareHelper.m in Sources */,
				30790BEC1F04A0B100048A76 /* XBSettingItem.m in Sources */,
				30790BE91F04A0B100048A76 /* XBTabBarController.m in Sources */,
				30790BEB1F04A0B100048A76 /* XBSettingGroup.m in Sources */,
				30790BE51F04A0B100048A76 /* XBRequestModel.m in Sources */,
				30790BED1F04A0B100048A76 /* XBSwtichSettingItem.m in Sources */,
				30790BE81F04A0B100048A76 /* XBTabBarButton.m in Sources */,
				30790BF91F04A2FE00048A76 /* UIButton+XBAlignment.m in Sources */,
			);
			runOnlyForDeploymentPostprocessing = 0;
		};
		30790B691F04976400048A76 /* Sources */ = {
			isa = PBXSourcesBuildPhase;
			buildActionMask = 2147483647;
			files = (
				30790B721F04976400048A76 /* ProjectBaseTests.m in Sources */,
			);
			runOnlyForDeploymentPostprocessing = 0;
		};
		30790B741F04976400048A76 /* Sources */ = {
			isa = PBXSourcesBuildPhase;
			buildActionMask = 2147483647;
			files = (
				30790B7D1F04976400048A76 /* ProjectBaseUITests.m in Sources */,
			);
			runOnlyForDeploymentPostprocessing = 0;
		};
/* End PBXSourcesBuildPhase section */

/* Begin PBXTargetDependency section */
		30790B6F1F04976400048A76 /* PBXTargetDependency */ = {
			isa = PBXTargetDependency;
			target = 30790B531F04976300048A76 /* ProjectBase */;
			targetProxy = 30790B6E1F04976400048A76 /* PBXContainerItemProxy */;
		};
		30790B7A1F04976400048A76 /* PBXTargetDependency */ = {
			isa = PBXTargetDependency;
			target = 30790B531F04976300048A76 /* ProjectBase */;
			targetProxy = 30790B791F04976400048A76 /* PBXContainerItemProxy */;
		};
/* End PBXTargetDependency section */

/* Begin PBXVariantGroup section */
		30790B601F04976300048A76 /* Main.storyboard */ = {
			isa = PBXVariantGroup;
			children = (
				30790B611F04976300048A76 /* Base */,
			);
			name = Main.storyboard;
			sourceTree = "<group>";
		};
		30790B651F04976300048A76 /* LaunchScreen.storyboard */ = {
			isa = PBXVariantGroup;
			children = (
				30790B661F04976300048A76 /* Base */,
			);
			name = LaunchScreen.storyboard;
			sourceTree = "<group>";
		};
/* End PBXVariantGroup section */

/* Begin XCBuildConfiguration section */
		30790B7F1F04976400048A76 /* Debug */ = {
			isa = XCBuildConfiguration;
			buildSettings = {
				ALWAYS_SEARCH_USER_PATHS = NO;
				CLANG_ANALYZER_NONNULL = YES;
				CLANG_ANALYZER_NUMBER_OBJECT_CONVERSION = YES_AGGRESSIVE;
				CLANG_CXX_LANGUAGE_STANDARD = "gnu++0x";
				CLANG_CXX_LIBRARY = "libc++";
				CLANG_ENABLE_MODULES = YES;
				CLANG_ENABLE_OBJC_ARC = YES;
				CLANG_WARN_BOOL_CONVERSION = YES;
				CLANG_WARN_CONSTANT_CONVERSION = YES;
				CLANG_WARN_DIRECT_OBJC_ISA_USAGE = YES_ERROR;
				CLANG_WARN_DOCUMENTATION_COMMENTS = YES;
				CLANG_WARN_EMPTY_BODY = YES;
				CLANG_WARN_ENUM_CONVERSION = YES;
				CLANG_WARN_INFINITE_RECURSION = YES;
				CLANG_WARN_INT_CONVERSION = YES;
				CLANG_WARN_OBJC_ROOT_CLASS = YES_ERROR;
				CLANG_WARN_SUSPICIOUS_MOVE = YES;
				CLANG_WARN_UNREACHABLE_CODE = YES;
				CLANG_WARN__DUPLICATE_METHOD_MATCH = YES;
				"CODE_SIGN_IDENTITY[sdk=iphoneos*]" = "iPhone Developer";
				COPY_PHASE_STRIP = NO;
				DEBUG_INFORMATION_FORMAT = dwarf;
				ENABLE_STRICT_OBJC_MSGSEND = YES;
				ENABLE_TESTABILITY = YES;
				GCC_C_LANGUAGE_STANDARD = gnu99;
				GCC_DYNAMIC_NO_PIC = NO;
				GCC_NO_COMMON_BLOCKS = YES;
				GCC_OPTIMIZATION_LEVEL = 0;
				GCC_PREPROCESSOR_DEFINITIONS = (
					"DEBUG=1",
					"$(inherited)",
				);
				GCC_WARN_64_TO_32_BIT_CONVERSION = YES;
				GCC_WARN_ABOUT_RETURN_TYPE = YES_ERROR;
				GCC_WARN_UNDECLARED_SELECTOR = YES;
				GCC_WARN_UNINITIALIZED_AUTOS = YES_AGGRESSIVE;
				GCC_WARN_UNUSED_FUNCTION = YES;
				GCC_WARN_UNUSED_VARIABLE = YES;
				IPHONEOS_DEPLOYMENT_TARGET = 10.3;
				MTL_ENABLE_DEBUG_INFO = YES;
				ONLY_ACTIVE_ARCH = YES;
				SDKROOT = iphoneos;
			};
			name = Debug;
		};
		30790B801F04976400048A76 /* Release */ = {
			isa = XCBuildConfiguration;
			buildSettings = {
				ALWAYS_SEARCH_USER_PATHS = NO;
				CLANG_ANALYZER_NONNULL = YES;
				CLANG_ANALYZER_NUMBER_OBJECT_CONVERSION = YES_AGGRESSIVE;
				CLANG_CXX_LANGUAGE_STANDARD = "gnu++0x";
				CLANG_CXX_LIBRARY = "libc++";
				CLANG_ENABLE_MODULES = YES;
				CLANG_ENABLE_OBJC_ARC = YES;
				CLANG_WARN_BOOL_CONVERSION = YES;
				CLANG_WARN_CONSTANT_CONVERSION = YES;
				CLANG_WARN_DIRECT_OBJC_ISA_USAGE = YES_ERROR;
				CLANG_WARN_DOCUMENTATION_COMMENTS = YES;
				CLANG_WARN_EMPTY_BODY = YES;
				CLANG_WARN_ENUM_CONVERSION = YES;
				CLANG_WARN_INFINITE_RECURSION = YES;
				CLANG_WARN_INT_CONVERSION = YES;
				CLANG_WARN_OBJC_ROOT_CLASS = YES_ERROR;
				CLANG_WARN_SUSPICIOUS_MOVE = YES;
				CLANG_WARN_UNREACHABLE_CODE = YES;
				CLANG_WARN__DUPLICATE_METHOD_MATCH = YES;
				"CODE_SIGN_IDENTITY[sdk=iphoneos*]" = "iPhone Developer";
				COPY_PHASE_STRIP = NO;
				DEBUG_INFORMATION_FORMAT = "dwarf-with-dsym";
				ENABLE_NS_ASSERTIONS = NO;
				ENABLE_STRICT_OBJC_MSGSEND = YES;
				GCC_C_LANGUAGE_STANDARD = gnu99;
				GCC_NO_COMMON_BLOCKS = YES;
				GCC_WARN_64_TO_32_BIT_CONVERSION = YES;
				GCC_WARN_ABOUT_RETURN_TYPE = YES_ERROR;
				GCC_WARN_UNDECLARED_SELECTOR = YES;
				GCC_WARN_UNINITIALIZED_AUTOS = YES_AGGRESSIVE;
				GCC_WARN_UNUSED_FUNCTION = YES;
				GCC_WARN_UNUSED_VARIABLE = YES;
				IPHONEOS_DEPLOYMENT_TARGET = 10.3;
				MTL_ENABLE_DEBUG_INFO = NO;
				SDKROOT = iphoneos;
				VALIDATE_PRODUCT = YES;
			};
			name = Release;
		};
		30790B821F04976400048A76 /* Debug */ = {
			isa = XCBuildConfiguration;
			baseConfigurationReference = D454BF577189D5B7C8A2A201 /* Pods-ProjectBase.debug.xcconfig */;
			buildSettings = {
				ASSETCATALOG_COMPILER_APPICON_NAME = AppIcon;
				DEVELOPMENT_TEAM = G7BTP3V7YL;
				GCC_PREFIX_HEADER = "$(SRCROOT)/ProjectBase/PrefixHeader.pch";
				INFOPLIST_FILE = ProjectBase/Info.plist;
				LD_RUNPATH_SEARCH_PATHS = "$(inherited) @executable_path/Frameworks";
				PRODUCT_BUNDLE_IDENTIFIER = com.H.ProjectBase;
				PRODUCT_NAME = "$(TARGET_NAME)";
				USER_HEADER_SEARCH_PATHS = "\"${SRCROOT}\"/**";
			};
			name = Debug;
		};
		30790B831F04976400048A76 /* Release */ = {
			isa = XCBuildConfiguration;
			baseConfigurationReference = B00CE8A4269A9F2466651067 /* Pods-ProjectBase.release.xcconfig */;
			buildSettings = {
				ASSETCATALOG_COMPILER_APPICON_NAME = AppIcon;
				DEVELOPMENT_TEAM = G7BTP3V7YL;
				GCC_PREFIX_HEADER = "$(SRCROOT)/ProjectBase/PrefixHeader.pch";
				INFOPLIST_FILE = ProjectBase/Info.plist;
				LD_RUNPATH_SEARCH_PATHS = "$(inherited) @executable_path/Frameworks";
				PRODUCT_BUNDLE_IDENTIFIER = com.H.ProjectBase;
				PRODUCT_NAME = "$(TARGET_NAME)";
				USER_HEADER_SEARCH_PATHS = "\"${SRCROOT}\"/**";
			};
			name = Release;
		};
		30790B851F04976400048A76 /* Debug */ = {
			isa = XCBuildConfiguration;
			buildSettings = {
				BUNDLE_LOADER = "$(TEST_HOST)";
				INFOPLIST_FILE = ProjectBaseTests/Info.plist;
				LD_RUNPATH_SEARCH_PATHS = "$(inherited) @executable_path/Frameworks @loader_path/Frameworks";
				PRODUCT_BUNDLE_IDENTIFIER = com.H.ProjectBaseTests;
				PRODUCT_NAME = "$(TARGET_NAME)";
				TEST_HOST = "$(BUILT_PRODUCTS_DIR)/ProjectBase.app/ProjectBase";
			};
			name = Debug;
		};
		30790B861F04976400048A76 /* Release */ = {
			isa = XCBuildConfiguration;
			buildSettings = {
				BUNDLE_LOADER = "$(TEST_HOST)";
				INFOPLIST_FILE = ProjectBaseTests/Info.plist;
				LD_RUNPATH_SEARCH_PATHS = "$(inherited) @executable_path/Frameworks @loader_path/Frameworks";
				PRODUCT_BUNDLE_IDENTIFIER = com.H.ProjectBaseTests;
				PRODUCT_NAME = "$(TARGET_NAME)";
				TEST_HOST = "$(BUILT_PRODUCTS_DIR)/ProjectBase.app/ProjectBase";
			};
			name = Release;
		};
		30790B881F04976400048A76 /* Debug */ = {
			isa = XCBuildConfiguration;
			buildSettings = {
				INFOPLIST_FILE = ProjectBaseUITests/Info.plist;
				LD_RUNPATH_SEARCH_PATHS = "$(inherited) @executable_path/Frameworks @loader_path/Frameworks";
				PRODUCT_BUNDLE_IDENTIFIER = com.H.ProjectBaseUITests;
				PRODUCT_NAME = "$(TARGET_NAME)";
				TEST_TARGET_NAME = ProjectBase;
			};
			name = Debug;
		};
		30790B891F04976400048A76 /* Release */ = {
			isa = XCBuildConfiguration;
			buildSettings = {
				INFOPLIST_FILE = ProjectBaseUITests/Info.plist;
				LD_RUNPATH_SEARCH_PATHS = "$(inherited) @executable_path/Frameworks @loader_path/Frameworks";
				PRODUCT_BUNDLE_IDENTIFIER = com.H.ProjectBaseUITests;
				PRODUCT_NAME = "$(TARGET_NAME)";
				TEST_TARGET_NAME = ProjectBase;
			};
			name = Release;
		};
/* End XCBuildConfiguration section */

/* Begin XCConfigurationList section */
		30790B4F1F04976300048A76 /* Build configuration list for PBXProject "ProjectBase" */ = {
			isa = XCConfigurationList;
			buildConfigurations = (
				30790B7F1F04976400048A76 /* Debug */,
				30790B801F04976400048A76 /* Release */,
			);
			defaultConfigurationIsVisible = 0;
			defaultConfigurationName = Release;
		};
		30790B811F04976400048A76 /* Build configuration list for PBXNativeTarget "ProjectBase" */ = {
			isa = XCConfigurationList;
			buildConfigurations = (
				30790B821F04976400048A76 /* Debug */,
				30790B831F04976400048A76 /* Release */,
			);
			defaultConfigurationIsVisible = 0;
			defaultConfigurationName = Release;
		};
		30790B841F04976400048A76 /* Build configuration list for PBXNativeTarget "ProjectBaseTests" */ = {
			isa = XCConfigurationList;
			buildConfigurations = (
				30790B851F04976400048A76 /* Debug */,
				30790B861F04976400048A76 /* Release */,
			);
			defaultConfigurationIsVisible = 0;
			defaultConfigurationName = Release;
		};
		30790B871F04976400048A76 /* Build configuration list for PBXNativeTarget "ProjectBaseUITests" */ = {
			isa = XCConfigurationList;
			buildConfigurations = (
				30790B881F04976400048A76 /* Debug */,
				30790B891F04976400048A76 /* Release */,
			);
			defaultConfigurationIsVisible = 0;
			defaultConfigurationName = Release;
		};
/* End XCConfigurationList section */
	};
	rootObject = 30790B4C1F04976300048A76 /* Project object */;
}
